{
  "name": "@zjy4fun/json-open",
  "version": "0.2.0",
  "lockfileVersion": 3,
  "requires": true,
  "packages": {
    "": {
      "name": "@zjy4fun/json-open",
      "version": "0.2.0",
      "license": "MIT",
      "bin": {
        "json": "bin/json.js"
      },
      "engines": {
        "node": ">=18"
      }
    }
  }
}
